<?xml version="1.0" encoding="UTF-8"?>
<Scheme
   version = "1.3">
   <BuildAction>
      <BuildActionEntries>
         <BuildActionEntry
            buildForRunning = "YES">
            <BuildableReference
               BuildableIdentifier = "primary"
               BlueprintIdentifier = "CC0832A5FC619D08F4684F85"
               BuildableName = "MyRealmSample.app"
               BlueprintName = "MyRealmSample"
               ReferencedContainer = "container:MyRealmSample.xcodeproj">
            </BuildableReference>
         </BuildActionEntry>
      </BuildActionEntries>
   </BuildAction>
   <LaunchAction
      useCustomWorkingDirectory = "NO"
      buildConfiguration = "Debug">
      <BuildableProductRunnable>
         <BuildableReference
            BuildableIdentifier = "primary"
            BlueprintIdentifier = "CC0832A5FC619D08F4684F85"
            BuildableName = "MyRealmSample.app"
            BlueprintName = "MyRealmSample"
            ReferencedContainer = "container:MyRealmSample.xcodeproj">
         </BuildableReference>
      </BuildableProductRunnable>
   </LaunchAction>
</Scheme>
